
Microsoft Visual Studio Solution File, Format Version 12.00
# Visual Studio 15
VisualStudioVersion = 15.0.26730.12
MinimumVisualStudioVersion = 10.0.40219.1
Project("{9A19103F-16F7-4668-BE54-9A1E7A4F7556}") = "User.API", "User.API\User.API.csproj", "{6C6530EE-147D-474F-BBFD-E18113F68515}"
EndProject
Project("{2150E333-8FDC-42A3-9474-1A3956D46DE8}") = "Services", "Services", "{81F79BBD-7187-4C4A-853C-3133120DBD10}"
EndProject
Project("{2150E333-8FDC-42A3-9474-1A3956D46DE8}") = "BuildingBlocks", "BuildingBlocks", "{49F3A2BC-CEC1-4C5F-BCA8-98BAF35D2CDF}"
EndProject
Project("{9A19103F-16F7-4668-BE54-9A1E7A4F7556}") = "EventBus", "EventBus\EventBus.csproj", "{2D0B300D-B05A-4443-977D-9CFCDE723D6B}"
EndProject
Project("{2150E333-8FDC-42A3-9474-1A3956D46DE8}") = "Event", "Event", "{ACF68CEB-315C-4C32-9BAC-F281D22C1DBB}"
EndProject
Project("{9A19103F-16F7-4668-BE54-9A1E7A4F7556}") = "EventBusRabbitMQ", "EventBusRabbitMQ\EventBusRabbitMQ.csproj", "{C1B921BC-8B89-4083-951E-D7E6C8A1CA38}"
EndProject
Project("{9A19103F-16F7-4668-BE54-9A1E7A4F7556}") = "Organization.API", "Organization.API\Organization.API.csproj", "{32A1C93E-9AFB-4BC6-8853-F0369734CDE2}"
EndProject
Project("{9A19103F-16F7-4668-BE54-9A1E7A4F7556}") = "CounterService", "CounterService\CounterService.csproj", "{31E7DC1C-E98D-4E90-BDF5-0CA8922A4935}"
EndProject
Project("{9A19103F-16F7-4668-BE54-9A1E7A4F7556}") = "IntegrationEvents", "IntegrationEvents\IntegrationEvents.csproj", "{E3C0AFDD-9FF5-4D7D-AC18-785B24633A9D}"
EndProject
Project("{9A19103F-16F7-4668-BE54-9A1E7A4F7556}") = "EventBusConsole", "EventBusConsole\EventBusConsole.csproj", "{51265F86-C533-462D-8140-4EF1F242B133}"
EndProject
Project("{9A19103F-16F7-4668-BE54-9A1E7A4F7556}") = "IntegrationEventsForStandard", "IntegrationEventsForStandard\IntegrationEventsForStandard.csproj", "{CEC173F5-09DD-4AF3-8750-E82CC5C06A12}"
EndProject
Project("{FAE04EC0-301F-11D3-BF4B-00C04F79EFBC}") = "CaculateWinService", "CaculateWinService\CaculateWinService.csproj", "{EC73C3D6-C942-4652-A1EC-F61660BF9DFB}"
EndProject
Project("{FAE04EC0-301F-11D3-BF4B-00C04F79EFBC}") = "WindowsService1", "WindowsService1\WindowsService1.csproj", "{BD32EC8A-CA96-4051-8B03-918811F859FF}"
EndProject
Global
	GlobalSection(SolutionConfigurationPlatforms) = preSolution
		Debug|Any CPU = Debug|Any CPU
		Release|Any CPU = Release|Any CPU
	EndGlobalSection
	GlobalSection(ProjectConfigurationPlatforms) = postSolution
		{6C6530EE-147D-474F-BBFD-E18113F68515}.Debug|Any CPU.ActiveCfg = Debug|Any CPU
		{6C6530EE-147D-474F-BBFD-E18113F68515}.Debug|Any CPU.Build.0 = Debug|Any CPU
		{6C6530EE-147D-474F-BBFD-E18113F68515}.Release|Any CPU.ActiveCfg = Release|Any CPU
		{6C6530EE-147D-474F-BBFD-E18113F68515}.Release|Any CPU.Build.0 = Release|Any CPU
		{2D0B300D-B05A-4443-977D-9CFCDE723D6B}.Debug|Any CPU.ActiveCfg = Debug|Any CPU
		{2D0B300D-B05A-4443-977D-9CFCDE723D6B}.Debug|Any CPU.Build.0 = Debug|Any CPU
		{2D0B300D-B05A-4443-977D-9CFCDE723D6B}.Release|Any CPU.ActiveCfg = Release|Any CPU
		{2D0B300D-B05A-4443-977D-9CFCDE723D6B}.Release|Any CPU.Build.0 = Release|Any CPU
		{C1B921BC-8B89-4083-951E-D7E6C8A1CA38}.Debug|Any CPU.ActiveCfg = Debug|Any CPU
		{C1B921BC-8B89-4083-951E-D7E6C8A1CA38}.Debug|Any CPU.Build.0 = Debug|Any CPU
		{C1B921BC-8B89-4083-951E-D7E6C8A1CA38}.Release|Any CPU.ActiveCfg = Release|Any CPU
		{C1B921BC-8B89-4083-951E-D7E6C8A1CA38}.Release|Any CPU.Build.0 = Release|Any CPU
		{32A1C93E-9AFB-4BC6-8853-F0369734CDE2}.Debug|Any CPU.ActiveCfg = Debug|Any CPU
		{32A1C93E-9AFB-4BC6-8853-F0369734CDE2}.Debug|Any CPU.Build.0 = Debug|Any CPU
		{32A1C93E-9AFB-4BC6-8853-F0369734CDE2}.Release|Any CPU.ActiveCfg = Release|Any CPU
		{32A1C93E-9AFB-4BC6-8853-F0369734CDE2}.Release|Any CPU.Build.0 = Release|Any CPU
		{31E7DC1C-E98D-4E90-BDF5-0CA8922A4935}.Debug|Any CPU.ActiveCfg = Debug|Any CPU
		{31E7DC1C-E98D-4E90-BDF5-0CA8922A4935}.Debug|Any CPU.Build.0 = Debug|Any CPU
		{31E7DC1C-E98D-4E90-BDF5-0CA8922A4935}.Release|Any CPU.ActiveCfg = Release|Any CPU
		{31E7DC1C-E98D-4E90-BDF5-0CA8922A4935}.Release|Any CPU.Build.0 = Release|Any CPU
		{E3C0AFDD-9FF5-4D7D-AC18-785B24633A9D}.Debug|Any CPU.ActiveCfg = Debug|Any CPU
		{E3C0AFDD-9FF5-4D7D-AC18-785B24633A9D}.Debug|Any CPU.Build.0 = Debug|Any CPU
		{E3C0AFDD-9FF5-4D7D-AC18-785B24633A9D}.Release|Any CPU.ActiveCfg = Release|Any CPU
		{E3C0AFDD-9FF5-4D7D-AC18-785B24633A9D}.Release|Any CPU.Build.0 = Release|Any CPU
		{51265F86-C533-462D-8140-4EF1F242B133}.Debug|Any CPU.ActiveCfg = Debug|Any CPU
		{51265F86-C533-462D-8140-4EF1F242B133}.Debug|Any CPU.Build.0 = Debug|Any CPU
		{51265F86-C533-462D-8140-4EF1F242B133}.Release|Any CPU.ActiveCfg = Release|Any CPU
		{51265F86-C533-462D-8140-4EF1F242B133}.Release|Any CPU.Build.0 = Release|Any CPU
		{CEC173F5-09DD-4AF3-8750-E82CC5C06A12}.Debug|Any CPU.ActiveCfg = Debug|Any CPU
		{CEC173F5-09DD-4AF3-8750-E82CC5C06A12}.Debug|Any CPU.Build.0 = Debug|Any CPU
		{CEC173F5-09DD-4AF3-8750-E82CC5C06A12}.Release|Any CPU.ActiveCfg = Release|Any CPU
		{CEC173F5-09DD-4AF3-8750-E82CC5C06A12}.Release|Any CPU.Build.0 = Release|Any CPU
		{EC73C3D6-C942-4652-A1EC-F61660BF9DFB}.Debug|Any CPU.ActiveCfg = Debug|Any CPU
		{EC73C3D6-C942-4652-A1EC-F61660BF9DFB}.Debug|Any CPU.Build.0 = Debug|Any CPU
		{EC73C3D6-C942-4652-A1EC-F61660BF9DFB}.Release|Any CPU.ActiveCfg = Release|Any CPU
		{EC73C3D6-C942-4652-A1EC-F61660BF9DFB}.Release|Any CPU.Build.0 = Release|Any CPU
		{BD32EC8A-CA96-4051-8B03-918811F859FF}.Debug|Any CPU.ActiveCfg = Debug|Any CPU
		{BD32EC8A-CA96-4051-8B03-918811F859FF}.Debug|Any CPU.Build.0 = Debug|Any CPU
		{BD32EC8A-CA96-4051-8B03-918811F859FF}.Release|Any CPU.ActiveCfg = Release|Any CPU
		{BD32EC8A-CA96-4051-8B03-918811F859FF}.Release|Any CPU.Build.0 = Release|Any CPU
	EndGlobalSection
	GlobalSection(SolutionProperties) = preSolution
		HideSolutionNode = FALSE
	EndGlobalSection
	GlobalSection(NestedProjects) = preSolution
		{6C6530EE-147D-474F-BBFD-E18113F68515} = {81F79BBD-7187-4C4A-853C-3133120DBD10}
		{2D0B300D-B05A-4443-977D-9CFCDE723D6B} = {ACF68CEB-315C-4C32-9BAC-F281D22C1DBB}
		{ACF68CEB-315C-4C32-9BAC-F281D22C1DBB} = {49F3A2BC-CEC1-4C5F-BCA8-98BAF35D2CDF}
		{C1B921BC-8B89-4083-951E-D7E6C8A1CA38} = {ACF68CEB-315C-4C32-9BAC-F281D22C1DBB}
		{32A1C93E-9AFB-4BC6-8853-F0369734CDE2} = {81F79BBD-7187-4C4A-853C-3133120DBD10}
		{31E7DC1C-E98D-4E90-BDF5-0CA8922A4935} = {81F79BBD-7187-4C4A-853C-3133120DBD10}
		{E3C0AFDD-9FF5-4D7D-AC18-785B24633A9D} = {ACF68CEB-315C-4C32-9BAC-F281D22C1DBB}
		{51265F86-C533-462D-8140-4EF1F242B133} = {ACF68CEB-315C-4C32-9BAC-F281D22C1DBB}
		{CEC173F5-09DD-4AF3-8750-E82CC5C06A12} = {ACF68CEB-315C-4C32-9BAC-F281D22C1DBB}
		{EC73C3D6-C942-4652-A1EC-F61660BF9DFB} = {ACF68CEB-315C-4C32-9BAC-F281D22C1DBB}
		{BD32EC8A-CA96-4051-8B03-918811F859FF} = {ACF68CEB-315C-4C32-9BAC-F281D22C1DBB}
	EndGlobalSection
	GlobalSection(ExtensibilityGlobals) = postSolution
		SolutionGuid = {512E4C22-2924-43FE-81FA-6DB65CED4F41}
	EndGlobalSection
EndGlobal
